
Microsoft Visual Studio Solution File, Format Version 12.00
# Visual Studio Version 17
VisualStudioVersion = 17.2.32630.192
MinimumVisualStudioVersion = 10.0.40219.1
Project("{9A19103F-16F7-4668-BE54-9A1E7A4F7556}") = "D8S.R0003", "D8S.R0003\D8S.R0003.csproj", "{9222A444-3356-4017-B966-D4AFB7C2D848}"
EndProject
Project("{2150E333-8FDC-42A3-9474-1A3956D46DE8}") = "_Dependencies", "_Dependencies", "{9F2AD990-CC05-4384-BF34-1CF5A8F06340}"
EndProject
Global
	GlobalSection(NestedProjects) = preSolution
	EndGlobalSection
	GlobalSection(SolutionConfigurationPlatforms) = preSolution
		Debug|Any CPU = Debug|Any CPU
		Release|Any CPU = Release|Any CPU
	EndGlobalSection
	GlobalSection(ProjectConfigurationPlatforms) = postSolution
		{9222A444-3356-4017-B966-D4AFB7C2D848}.Debug|Any CPU.ActiveCfg = Debug|Any CPU
		{9222A444-3356-4017-B966-D4AFB7C2D848}.Debug|Any CPU.Build.0 = Debug|Any CPU
		{9222A444-3356-4017-B966-D4AFB7C2D848}.Release|Any CPU.ActiveCfg = Release|Any CPU
		{9222A444-3356-4017-B966-D4AFB7C2D848}.Release|Any CPU.Build.0 = Release|Any CPU
	EndGlobalSection
	GlobalSection(SolutionProperties) = preSolution
		HideSolutionNode = FALSE
	EndGlobalSection
	GlobalSection(ExtensibilityGlobals) = postSolution
		SolutionGuid = {22A27F47-ACA2-4B54-9908-4791102DDB97}
	EndGlobalSection
EndGlobal
